
Microsoft Visual Studio Solution File, Format Version 12.00
# Visual Studio Version 17
VisualStudioVersion = 17.7.34024.191
MinimumVisualStudioVersion = 10.0.40219.1
Project("{FAE04EC0-301F-11D3-BF4B-00C04F79EFBC}") = "5.Strings", "5.Strings.csproj", "{EE50C637-132C-4562-88E1-19F25344C661}"
EndProject
Global
	GlobalSection(SolutionConfigurationPlatforms) = preSolution
		Debug|Any CPU = Debug|Any CPU
		Release|Any CPU = Release|Any CPU
	EndGlobalSection
	GlobalSection(ProjectConfigurationPlatforms) = postSolution
		{EE50C637-132C-4562-88E1-19F25344C661}.Debug|Any CPU.ActiveCfg = Debug|Any CPU
		{EE50C637-132C-4562-88E1-19F25344C661}.Debug|Any CPU.Build.0 = Debug|Any CPU
		{EE50C637-132C-4562-88E1-19F25344C661}.Release|Any CPU.ActiveCfg = Release|Any CPU
		{EE50C637-132C-4562-88E1-19F25344C661}.Release|Any CPU.Build.0 = Release|Any CPU
	EndGlobalSection
	GlobalSection(SolutionProperties) = preSolution
		HideSolutionNode = FALSE
	EndGlobalSection
	GlobalSection(ExtensibilityGlobals) = postSolution
		SolutionGuid = {25B1E12C-20FC-4455-9B29-20785987CA90}
	EndGlobalSection
EndGlobal
